
Microsoft Visual Studio Solution File, Format Version 12.00
# Visual Studio 2012
Project("{FAE04EC0-301F-11D3-BF4B-00C04F79EFBC}") = "Application.Web", "Application.Web\Application.Web.csproj", "{897D2119-8137-4520-BE6C-541D72019D58}"
EndProject
Project("{2150E333-8FDC-42A3-9474-1A3956D46DE8}") = "CustomerDetails", "CustomerDetails", "{50460491-109D-4336-A7B9-0FD39EEC8DF5}"
EndProject
Project("{2150E333-8FDC-42A3-9474-1A3956D46DE8}") = "Pricing", "Pricing", "{85899EA4-173B-4157-B4A3-9C66B19227B9}"
EndProject
Project("{FAE04EC0-301F-11D3-BF4B-00C04F79EFBC}") = "CustomerDetails.Read", "CustomerDetails.Read\CustomerDetails.Read.csproj", "{697E3A8E-3804-45EE-AF8A-90AE5D534D1E}"
EndProject
Project("{FAE04EC0-301F-11D3-BF4B-00C04F79EFBC}") = "Pricing.Read", "Pricing.Read\Pricing.Read.csproj", "{15DE13A2-622E-4A6B-B803-F1437EA8E2EA}"
EndProject
Project("{FAE04EC0-301F-11D3-BF4B-00C04F79EFBC}") = "CustomerDetails.Commands", "CustomerDetails.Commands\CustomerDetails.Commands.csproj", "{9FF379D5-539B-42B2-8E30-2C6BAB040ADF}"
EndProject
Project("{FAE04EC0-301F-11D3-BF4B-00C04F79EFBC}") = "CustomerDetails.Endpoint", "CustomerDetails.Endpoint\CustomerDetails.Endpoint.csproj", "{03199620-C8D7-4489-9DE4-CC1D1109F24C}"
EndProject
Project("{FAE04EC0-301F-11D3-BF4B-00C04F79EFBC}") = "CustomerDetails.Events", "CustomerDetails.Events\CustomerDetails.Events.csproj", "{48EC5AC9-DEA6-42A9-8898-3329BF9E398F}"
EndProject
Project("{FAE04EC0-301F-11D3-BF4B-00C04F79EFBC}") = "Pricing.Endpoint", "Pricing.Endpoint\Pricing.Endpoint.csproj", "{411B9AA1-5101-487D-A44A-883D6BFC84B1}"
EndProject
Project("{2150E333-8FDC-42A3-9474-1A3956D46DE8}") = "Purchasing", "Purchasing", "{D530E66A-1CC8-4E0B-93AF-8BF72DB72D5B}"
EndProject
Project("{FAE04EC0-301F-11D3-BF4B-00C04F79EFBC}") = "Purchasing.Read", "Purchasing.Read\Purchasing.Read.csproj", "{0329EB9A-973E-4AC2-B2D0-AAA0E63A0616}"
EndProject
Project("{FAE04EC0-301F-11D3-BF4B-00C04F79EFBC}") = "Purchasing.Commands", "Purchasing.Commands\Purchasing.Commands.csproj", "{44AA3856-16AB-4827-8D64-B269E58C2268}"
EndProject
Project("{FAE04EC0-301F-11D3-BF4B-00C04F79EFBC}") = "Purchasing.Endpoint", "Purchasing.Endpoint\Purchasing.Endpoint.csproj", "{2B67F213-B3BB-4A3B-B315-8D9CFBFDACEF}"
EndProject
Project("{FAE04EC0-301F-11D3-BF4B-00C04F79EFBC}") = "Purchasing.Events", "Purchasing.Events\Purchasing.Events.csproj", "{C90E6F0F-D2A8-40D5-B48B-9B1D64A53D9D}"
EndProject
Project("{FAE04EC0-301F-11D3-BF4B-00C04F79EFBC}") = "Pricing.Commands", "Pricing.Commands\Pricing.Commands.csproj", "{9B4FAE1A-4B3B-4E97-A3EE-F719BB567B06}"
EndProject
Global
	GlobalSection(SolutionConfigurationPlatforms) = preSolution
		Debug|Any CPU = Debug|Any CPU
		Release|Any CPU = Release|Any CPU
	EndGlobalSection
	GlobalSection(ProjectConfigurationPlatforms) = postSolution
		{897D2119-8137-4520-BE6C-541D72019D58}.Debug|Any CPU.ActiveCfg = Debug|Any CPU
		{897D2119-8137-4520-BE6C-541D72019D58}.Debug|Any CPU.Build.0 = Debug|Any CPU
		{897D2119-8137-4520-BE6C-541D72019D58}.Release|Any CPU.ActiveCfg = Release|Any CPU
		{897D2119-8137-4520-BE6C-541D72019D58}.Release|Any CPU.Build.0 = Release|Any CPU
		{697E3A8E-3804-45EE-AF8A-90AE5D534D1E}.Debug|Any CPU.ActiveCfg = Debug|Any CPU
		{697E3A8E-3804-45EE-AF8A-90AE5D534D1E}.Debug|Any CPU.Build.0 = Debug|Any CPU
		{697E3A8E-3804-45EE-AF8A-90AE5D534D1E}.Release|Any CPU.ActiveCfg = Release|Any CPU
		{697E3A8E-3804-45EE-AF8A-90AE5D534D1E}.Release|Any CPU.Build.0 = Release|Any CPU
		{15DE13A2-622E-4A6B-B803-F1437EA8E2EA}.Debug|Any CPU.ActiveCfg = Debug|Any CPU
		{15DE13A2-622E-4A6B-B803-F1437EA8E2EA}.Debug|Any CPU.Build.0 = Debug|Any CPU
		{15DE13A2-622E-4A6B-B803-F1437EA8E2EA}.Release|Any CPU.ActiveCfg = Release|Any CPU
		{15DE13A2-622E-4A6B-B803-F1437EA8E2EA}.Release|Any CPU.Build.0 = Release|Any CPU
		{9FF379D5-539B-42B2-8E30-2C6BAB040ADF}.Debug|Any CPU.ActiveCfg = Debug|Any CPU
		{9FF379D5-539B-42B2-8E30-2C6BAB040ADF}.Debug|Any CPU.Build.0 = Debug|Any CPU
		{9FF379D5-539B-42B2-8E30-2C6BAB040ADF}.Release|Any CPU.ActiveCfg = Release|Any CPU
		{9FF379D5-539B-42B2-8E30-2C6BAB040ADF}.Release|Any CPU.Build.0 = Release|Any CPU
		{03199620-C8D7-4489-9DE4-CC1D1109F24C}.Debug|Any CPU.ActiveCfg = Debug|Any CPU
		{03199620-C8D7-4489-9DE4-CC1D1109F24C}.Debug|Any CPU.Build.0 = Debug|Any CPU
		{03199620-C8D7-4489-9DE4-CC1D1109F24C}.Release|Any CPU.ActiveCfg = Release|Any CPU
		{03199620-C8D7-4489-9DE4-CC1D1109F24C}.Release|Any CPU.Build.0 = Release|Any CPU
		{48EC5AC9-DEA6-42A9-8898-3329BF9E398F}.Debug|Any CPU.ActiveCfg = Debug|Any CPU
		{48EC5AC9-DEA6-42A9-8898-3329BF9E398F}.Debug|Any CPU.Build.0 = Debug|Any CPU
		{48EC5AC9-DEA6-42A9-8898-3329BF9E398F}.Release|Any CPU.ActiveCfg = Release|Any CPU
		{48EC5AC9-DEA6-42A9-8898-3329BF9E398F}.Release|Any CPU.Build.0 = Release|Any CPU
		{411B9AA1-5101-487D-A44A-883D6BFC84B1}.Debug|Any CPU.ActiveCfg = Debug|Any CPU
		{411B9AA1-5101-487D-A44A-883D6BFC84B1}.Debug|Any CPU.Build.0 = Debug|Any CPU
		{411B9AA1-5101-487D-A44A-883D6BFC84B1}.Release|Any CPU.ActiveCfg = Release|Any CPU
		{411B9AA1-5101-487D-A44A-883D6BFC84B1}.Release|Any CPU.Build.0 = Release|Any CPU
		{0329EB9A-973E-4AC2-B2D0-AAA0E63A0616}.Debug|Any CPU.ActiveCfg = Debug|Any CPU
		{0329EB9A-973E-4AC2-B2D0-AAA0E63A0616}.Debug|Any CPU.Build.0 = Debug|Any CPU
		{0329EB9A-973E-4AC2-B2D0-AAA0E63A0616}.Release|Any CPU.ActiveCfg = Release|Any CPU
		{0329EB9A-973E-4AC2-B2D0-AAA0E63A0616}.Release|Any CPU.Build.0 = Release|Any CPU
		{44AA3856-16AB-4827-8D64-B269E58C2268}.Debug|Any CPU.ActiveCfg = Debug|Any CPU
		{44AA3856-16AB-4827-8D64-B269E58C2268}.Debug|Any CPU.Build.0 = Debug|Any CPU
		{44AA3856-16AB-4827-8D64-B269E58C2268}.Release|Any CPU.ActiveCfg = Release|Any CPU
		{44AA3856-16AB-4827-8D64-B269E58C2268}.Release|Any CPU.Build.0 = Release|Any CPU
		{2B67F213-B3BB-4A3B-B315-8D9CFBFDACEF}.Debug|Any CPU.ActiveCfg = Debug|Any CPU
		{2B67F213-B3BB-4A3B-B315-8D9CFBFDACEF}.Debug|Any CPU.Build.0 = Debug|Any CPU
		{2B67F213-B3BB-4A3B-B315-8D9CFBFDACEF}.Release|Any CPU.ActiveCfg = Release|Any CPU
		{2B67F213-B3BB-4A3B-B315-8D9CFBFDACEF}.Release|Any CPU.Build.0 = Release|Any CPU
		{C90E6F0F-D2A8-40D5-B48B-9B1D64A53D9D}.Debug|Any CPU.ActiveCfg = Debug|Any CPU
		{C90E6F0F-D2A8-40D5-B48B-9B1D64A53D9D}.Debug|Any CPU.Build.0 = Debug|Any CPU
		{C90E6F0F-D2A8-40D5-B48B-9B1D64A53D9D}.Release|Any CPU.ActiveCfg = Release|Any CPU
		{C90E6F0F-D2A8-40D5-B48B-9B1D64A53D9D}.Release|Any CPU.Build.0 = Release|Any CPU
		{9B4FAE1A-4B3B-4E97-A3EE-F719BB567B06}.Debug|Any CPU.ActiveCfg = Debug|Any CPU
		{9B4FAE1A-4B3B-4E97-A3EE-F719BB567B06}.Debug|Any CPU.Build.0 = Debug|Any CPU
		{9B4FAE1A-4B3B-4E97-A3EE-F719BB567B06}.Release|Any CPU.ActiveCfg = Release|Any CPU
		{9B4FAE1A-4B3B-4E97-A3EE-F719BB567B06}.Release|Any CPU.Build.0 = Release|Any CPU
	EndGlobalSection
	GlobalSection(SolutionProperties) = preSolution
		HideSolutionNode = FALSE
	EndGlobalSection
	GlobalSection(NestedProjects) = preSolution
		{697E3A8E-3804-45EE-AF8A-90AE5D534D1E} = {50460491-109D-4336-A7B9-0FD39EEC8DF5}
		{9FF379D5-539B-42B2-8E30-2C6BAB040ADF} = {50460491-109D-4336-A7B9-0FD39EEC8DF5}
		{03199620-C8D7-4489-9DE4-CC1D1109F24C} = {50460491-109D-4336-A7B9-0FD39EEC8DF5}
		{48EC5AC9-DEA6-42A9-8898-3329BF9E398F} = {50460491-109D-4336-A7B9-0FD39EEC8DF5}
		{15DE13A2-622E-4A6B-B803-F1437EA8E2EA} = {85899EA4-173B-4157-B4A3-9C66B19227B9}
		{411B9AA1-5101-487D-A44A-883D6BFC84B1} = {85899EA4-173B-4157-B4A3-9C66B19227B9}
		{9B4FAE1A-4B3B-4E97-A3EE-F719BB567B06} = {85899EA4-173B-4157-B4A3-9C66B19227B9}
		{0329EB9A-973E-4AC2-B2D0-AAA0E63A0616} = {D530E66A-1CC8-4E0B-93AF-8BF72DB72D5B}
		{44AA3856-16AB-4827-8D64-B269E58C2268} = {D530E66A-1CC8-4E0B-93AF-8BF72DB72D5B}
		{2B67F213-B3BB-4A3B-B315-8D9CFBFDACEF} = {D530E66A-1CC8-4E0B-93AF-8BF72DB72D5B}
		{C90E6F0F-D2A8-40D5-B48B-9B1D64A53D9D} = {D530E66A-1CC8-4E0B-93AF-8BF72DB72D5B}
	EndGlobalSection
EndGlobal
